
Microsoft Visual Studio Solution File, Format Version 12.00
# Visual Studio Version 17
VisualStudioVersion = 17.9.34622.214
MinimumVisualStudioVersion = 10.0.40219.1
Project("{FAE04EC0-301F-11D3-BF4B-00C04F79EFBC}") = "Riddle-App", "Riddle-App.csproj", "{D9868E92-C15F-47D9-8666-E6ABD8006D10}"
EndProject
Global
	GlobalSection(SolutionConfigurationPlatforms) = preSolution
		Debug|Any CPU = Debug|Any CPU
		Release|Any CPU = Release|Any CPU
	EndGlobalSection
	GlobalSection(ProjectConfigurationPlatforms) = postSolution
		{D9868E92-C15F-47D9-8666-E6ABD8006D10}.Debug|Any CPU.ActiveCfg = Debug|Any CPU
		{D9868E92-C15F-47D9-8666-E6ABD8006D10}.Debug|Any CPU.Build.0 = Debug|Any CPU
		{D9868E92-C15F-47D9-8666-E6ABD8006D10}.Release|Any CPU.ActiveCfg = Release|Any CPU
		{D9868E92-C15F-47D9-8666-E6ABD8006D10}.Release|Any CPU.Build.0 = Release|Any CPU
	EndGlobalSection
	GlobalSection(SolutionProperties) = preSolution
		HideSolutionNode = FALSE
	EndGlobalSection
	GlobalSection(ExtensibilityGlobals) = postSolution
		SolutionGuid = {67442F7A-A70D-4920-A002-4573F3A2031F}
	EndGlobalSection
EndGlobal
